
Microsoft Visual Studio Solution File, Format Version 12.00
# Visual Studio 2015
Project("{FAE04EC0-301F-11D3-BF4B-00C04F79EFBC}") = "Wargirls.CSharp.Plugins", "Wargirls.CSharp.Plugins.csproj", "{1AE21EA6-963D-2B69-AD0B-389B3B61BD48}"
EndProject
Project("{FAE04EC0-301F-11D3-BF4B-00C04F79EFBC}") = "Wargirls.CSharp", "Wargirls.CSharp.csproj", "{8AEA1D68-EDA8-E454-9D94-32E1AD620DE9}"
EndProject
Global
	GlobalSection(SolutionConfigurationPlatforms) = preSolution
		Debug|Any CPU = Debug|Any CPU
		Release|Any CPU = Release|Any CPU
	EndGlobalSection
	GlobalSection(ProjectConfigurationPlatforms) = postSolution
		{1AE21EA6-963D-2B69-AD0B-389B3B61BD48}.Debug|Any CPU.ActiveCfg = Debug|Any CPU
		{1AE21EA6-963D-2B69-AD0B-389B3B61BD48}.Debug|Any CPU.Build.0 = Debug|Any CPU
		{1AE21EA6-963D-2B69-AD0B-389B3B61BD48}.Release|Any CPU.ActiveCfg = Release|Any CPU
		{1AE21EA6-963D-2B69-AD0B-389B3B61BD48}.Release|Any CPU.Build.0 = Release|Any CPU
		{8AEA1D68-EDA8-E454-9D94-32E1AD620DE9}.Debug|Any CPU.ActiveCfg = Debug|Any CPU
		{8AEA1D68-EDA8-E454-9D94-32E1AD620DE9}.Debug|Any CPU.Build.0 = Debug|Any CPU
		{8AEA1D68-EDA8-E454-9D94-32E1AD620DE9}.Release|Any CPU.ActiveCfg = Release|Any CPU
		{8AEA1D68-EDA8-E454-9D94-32E1AD620DE9}.Release|Any CPU.Build.0 = Release|Any CPU
	EndGlobalSection
	GlobalSection(SolutionProperties) = preSolution
		HideSolutionNode = FALSE
	EndGlobalSection
EndGlobal
